{
  "name": "movieapp_2",
  "version": "0.1.0",
  "lockfileVersion": 1,
  "requires": true,
  "dependencies": {
    "react-lines-ellipsis": {
      "version": "0.8.1",
      "resolved": "https://registry.npmjs.org/react-lines-ellipsis/-/react-lines-ellipsis-0.8.1.tgz",
      "integrity": "sha512-O6mHfYcBmY02HoDJAJDcbM0KdNYJ4+XMknNx8yAjUXsdJzu9BxM8Ox8XmqVd0Tc0lh+A7kC6DsSel21imfMBWw=="
    }
  }
}
